<?xml version="1.0" encoding="UTF-8" standalone="yes" ?>
<CodeBlocks_project_file>
	<FileVersion major="1" minor="6" />
	<Project>
		<Option title="Juego" />
		<Option pch_mode="2" />
		<Option compiler="gcc" />
		<Build>
			<Target title="Debug">
				<Option output="bin/Debug/Juego" prefix_auto="1" extension_auto="1" />
				<Option object_output="obj/Debug/" />
				<Option type="1" />
				<Option compiler="gcc" />
				<Option use_console_runner="0" />
				<Compiler>
					<Add option="-g" />
					<Add option="-DSFML_STATIC" />
					<Add directory="include" />
				</Compiler>
				<Linker>
					<Add library="sfml-graphics-d" />
					<Add library="sfml-window-d" />
					<Add library="sfml-system-d" />
				</Linker>
			</Target>
			<Target title="Release">
				<Option output="bin/Release/Juego" prefix_auto="1" extension_auto="1" />
				<Option object_output="obj/Release/" />
				<Option type="1" />
				<Option compiler="gcc" />
				<Compiler>
					<Add option="-O2" />
					<Add directory="include" />
				</Compiler>
				<Linker>
					<Add option="-s" />
				</Linker>
			</Target>
		</Build>
		<Compiler>
			<Add option="-Wall" />
			<Add option="-fexceptions" />
			<Add directory="SFML/include" />
		</Compiler>
		<Linker>
			<Add directory="SFML/lib" />
		</Linker>
		<Unit filename="Collision.cpp" />
		<Unit filename="headers/CargarPosiciones.h" />
		<Unit filename="headers/Collision.hpp" />
		<Unit filename="headers/Juego.h" />
		<Unit filename="headers/Partida.h" />
		<Unit filename="headers/mapas.h" />
		<Unit filename="include/InterfazJug.h" />
		<Unit filename="include/Jugador.h" />
		<Unit filename="include/bomba.h" />
		<Unit filename="include/cubo.h" />
		<Unit filename="include/cuboR.h" />
		<Unit filename="include/item.h" />
		<Unit filename="main.cpp" />
		<Unit filename="src/InterfazJug.cpp" />
		<Unit filename="src/Jugador.cpp" />
		<Unit filename="src/bomba.cpp" />
		<Unit filename="src/cubo.cpp" />
		<Unit filename="src/cuboR.cpp" />
		<Unit filename="src/item.cpp" />
		<Extensions>
			<code_completion />
			<envvars />
			<debugger />
		</Extensions>
	</Project>
</CodeBlocks_project_file>
